<?xml version="1.0" encoding="utf-8"?>
<Project ToolsVersion="4.0" xmlns="http://schemas.microsoft.com/developer/msbuild/2003">
  <ItemGroup>
    <Filter Include="Source Files">
      <UniqueIdentifier>{4FC737F1-C7A5-4376-A066-2A32D752A2FF}</UniqueIdentifier>
      <Extensions>cpp;c;cc;cxx;def;odl;idl;hpj;bat;asm;asmx</Extensions>
    </Filter>
    <Filter Include="Header Files">
      <UniqueIdentifier>{93995380-89BD-4b04-88EB-625FBE52EBFB}</UniqueIdentifier>
      <Extensions>h;hh;hpp;hxx;hm;inl;inc;xsd</Extensions>
    </Filter>
    <Filter Include="Resource Files">
      <UniqueIdentifier>{67DA6AB6-F800-4c08-8B7A-83BB121AAD01}</UniqueIdentifier>
      <Extensions>rc;ico;cur;bmp;dlg;rc2;rct;bin;rgs;gif;jpg;jpeg;jpe;resx;tiff;tif;png;wav;mfcribbon-ms</Extensions>
    </Filter>
    <Filter Include="Source Files\Util">
      <UniqueIdentifier>{280e8614-6b15-4ddf-a21f-339141658421}</UniqueIdentifier>
    </Filter>
    <Filter Include="Source Files\Mancala">
      <UniqueIdentifier>{2e1c4e96-5003-4965-b609-09ad931f388f}</UniqueIdentifier>
    </Filter>
    <Filter Include="Source Files\Events">
      <UniqueIdentifier>{4f43d641-8b02-4fc7-b1e3-4e1640178609}</UniqueIdentifier>
    </Filter>
    <Filter Include="Source Files\Events\Event">
      <UniqueIdentifier>{de5edd00-eba1-4916-b1b3-bd9601a69d16}</UniqueIdentifier>
    </Filter>
    <Filter Include="Source Files\Game">
      <UniqueIdentifier>{5a0c8be7-5eb5-4212-9d16-a6aa52236ce8}</UniqueIdentifier>
    </Filter>
  </ItemGroup>
  <ItemGroup>
    <ClCompile Include="..\..\..\source\egp-mancala\mancala\MancalaUtils.c">
      <Filter>Source Files\Mancala</Filter>
    </ClCompile>
    <ClCompile Include="..\..\..\source\egp-mancala\Main.cpp">
      <Filter>Source Files</Filter>
    </ClCompile>
    <ClCompile Include="..\..\..\source\egp-mancala\events\ColorEvent.cpp">
      <Filter>Source Files\Events\Event</Filter>
    </ClCompile>
    <ClCompile Include="..\..\..\source\egp-mancala\events\EventManager.cpp">
      <Filter>Source Files\Events</Filter>
    </ClCompile>
    <ClCompile Include="..\..\..\source\egp-mancala\util\LinkedList.cpp">
      <Filter>Source Files\Util</Filter>
    </ClCompile>
    <ClCompile Include="..\..\..\source\egp-mancala\events\DamageEvent.cpp">
      <Filter>Source Files\Events\Event</Filter>
    </ClCompile>
    <ClCompile Include="..\..\..\source\egp-mancala\games\GameState.cpp">
      <Filter>Source Files\Game</Filter>
    </ClCompile>
    <ClCompile Include="..\..\..\source\egp-mancala\util\Thread.c">
      <Filter>Source Files\Util</Filter>
    </ClCompile>
  </ItemGroup>
  <ItemGroup>
    <ClInclude Include="..\..\..\source\egp-mancala\mancala\MancalaUtils.h">
      <Filter>Source Files\Mancala</Filter>
    </ClInclude>
    <ClInclude Include="..\..\..\source\egp-mancala\events\Event.h">
      <Filter>Source Files\Events</Filter>
    </ClInclude>
    <ClInclude Include="..\..\..\source\egp-mancala\events\EventManager.h">
      <Filter>Source Files\Events</Filter>
    </ClInclude>
    <ClInclude Include="..\..\..\source\egp-mancala\events\ColorEvent.h">
      <Filter>Source Files\Events\Event</Filter>
    </ClInclude>
    <ClInclude Include="..\..\..\source\egp-mancala\games\GameState.h">
      <Filter>Source Files\Game</Filter>
    </ClInclude>
    <ClInclude Include="..\..\..\source\egp-mancala\util\LinkedList.h">
      <Filter>Source Files\Util</Filter>
    </ClInclude>
    <ClInclude Include="..\..\..\source\egp-mancala\events\DamageEvent.h">
      <Filter>Source Files\Events\Event</Filter>
    </ClInclude>
    <ClInclude Include="..\..\..\source\egp-mancala\util\Thread.h">
      <Filter>Source Files\Util</Filter>
    </ClInclude>
  </ItemGroup>
</Project>